
Microsoft Visual Studio Solution File, Format Version 12.00
# Visual Studio Version 17
VisualStudioVersion = 17.5.002.0
MinimumVisualStudioVersion = 10.0.40219.1
Project("{9A19103F-16F7-4668-BE54-9A1E7A4F7556}") = "POO_ejercicios", "POO_ejercicios.csproj", "{7AF03CC9-6DC7-40F3-A223-7A4BC6A17EB3}"
EndProject
Global
	GlobalSection(SolutionConfigurationPlatforms) = preSolution
		Debug|Any CPU = Debug|Any CPU
		Release|Any CPU = Release|Any CPU
	EndGlobalSection
	GlobalSection(ProjectConfigurationPlatforms) = postSolution
		{7AF03CC9-6DC7-40F3-A223-7A4BC6A17EB3}.Debug|Any CPU.ActiveCfg = Debug|Any CPU
		{7AF03CC9-6DC7-40F3-A223-7A4BC6A17EB3}.Debug|Any CPU.Build.0 = Debug|Any CPU
		{7AF03CC9-6DC7-40F3-A223-7A4BC6A17EB3}.Release|Any CPU.ActiveCfg = Release|Any CPU
		{7AF03CC9-6DC7-40F3-A223-7A4BC6A17EB3}.Release|Any CPU.Build.0 = Release|Any CPU
	EndGlobalSection
	GlobalSection(SolutionProperties) = preSolution
		HideSolutionNode = FALSE
	EndGlobalSection
	GlobalSection(ExtensibilityGlobals) = postSolution
		SolutionGuid = {684536CA-890A-47F8-91DF-78057EA67C70}
	EndGlobalSection
EndGlobal
