
Microsoft Visual Studio Solution File, Format Version 12.00
# Visual Studio Version 17
VisualStudioVersion = 17.5.002.0
MinimumVisualStudioVersion = 10.0.40219.1
Project("{9A19103F-16F7-4668-BE54-9A1E7A4F7556}") = "interfaz_crud", "interfaz_crud.csproj", "{95F58D0B-2095-4747-8C67-1E1B417B0B0F}"
EndProject
Global
	GlobalSection(SolutionConfigurationPlatforms) = preSolution
		Debug|Any CPU = Debug|Any CPU
		Release|Any CPU = Release|Any CPU
	EndGlobalSection
	GlobalSection(ProjectConfigurationPlatforms) = postSolution
		{95F58D0B-2095-4747-8C67-1E1B417B0B0F}.Debug|Any CPU.ActiveCfg = Debug|Any CPU
		{95F58D0B-2095-4747-8C67-1E1B417B0B0F}.Debug|Any CPU.Build.0 = Debug|Any CPU
		{95F58D0B-2095-4747-8C67-1E1B417B0B0F}.Release|Any CPU.ActiveCfg = Release|Any CPU
		{95F58D0B-2095-4747-8C67-1E1B417B0B0F}.Release|Any CPU.Build.0 = Release|Any CPU
	EndGlobalSection
	GlobalSection(SolutionProperties) = preSolution
		HideSolutionNode = FALSE
	EndGlobalSection
	GlobalSection(ExtensibilityGlobals) = postSolution
		SolutionGuid = {64C86E74-23A5-45C7-8934-605B0489E76A}
	EndGlobalSection
EndGlobal
