
Microsoft Visual Studio Solution File, Format Version 12.00
# Visual Studio Version 17
VisualStudioVersion = 17.5.002.0
MinimumVisualStudioVersion = 10.0.40219.1
Project("{9A19103F-16F7-4668-BE54-9A1E7A4F7556}") = "practica_general", "practica_general.csproj", "{5444B13D-1703-4E54-A841-822C1AD7EED7}"
EndProject
Global
	GlobalSection(SolutionConfigurationPlatforms) = preSolution
		Debug|Any CPU = Debug|Any CPU
		Release|Any CPU = Release|Any CPU
	EndGlobalSection
	GlobalSection(ProjectConfigurationPlatforms) = postSolution
		{5444B13D-1703-4E54-A841-822C1AD7EED7}.Debug|Any CPU.ActiveCfg = Debug|Any CPU
		{5444B13D-1703-4E54-A841-822C1AD7EED7}.Debug|Any CPU.Build.0 = Debug|Any CPU
		{5444B13D-1703-4E54-A841-822C1AD7EED7}.Release|Any CPU.ActiveCfg = Release|Any CPU
		{5444B13D-1703-4E54-A841-822C1AD7EED7}.Release|Any CPU.Build.0 = Release|Any CPU
	EndGlobalSection
	GlobalSection(SolutionProperties) = preSolution
		HideSolutionNode = FALSE
	EndGlobalSection
	GlobalSection(ExtensibilityGlobals) = postSolution
		SolutionGuid = {8589C2A1-EF75-468F-91EC-4717B0F07B66}
	EndGlobalSection
EndGlobal
