
Microsoft Visual Studio Solution File, Format Version 12.00
# Visual Studio Version 17
VisualStudioVersion = 17.5.002.0
MinimumVisualStudioVersion = 10.0.40219.1
Project("{9A19103F-16F7-4668-BE54-9A1E7A4F7556}") = "01_primeros_pasos", "01_primeros_pasos.csproj", "{47090B4D-55A3-44DF-A6CA-8D3A9B04146C}"
EndProject
Global
	GlobalSection(SolutionConfigurationPlatforms) = preSolution
		Debug|Any CPU = Debug|Any CPU
		Release|Any CPU = Release|Any CPU
	EndGlobalSection
	GlobalSection(ProjectConfigurationPlatforms) = postSolution
		{47090B4D-55A3-44DF-A6CA-8D3A9B04146C}.Debug|Any CPU.ActiveCfg = Debug|Any CPU
		{47090B4D-55A3-44DF-A6CA-8D3A9B04146C}.Debug|Any CPU.Build.0 = Debug|Any CPU
		{47090B4D-55A3-44DF-A6CA-8D3A9B04146C}.Release|Any CPU.ActiveCfg = Release|Any CPU
		{47090B4D-55A3-44DF-A6CA-8D3A9B04146C}.Release|Any CPU.Build.0 = Release|Any CPU
	EndGlobalSection
	GlobalSection(SolutionProperties) = preSolution
		HideSolutionNode = FALSE
	EndGlobalSection
	GlobalSection(ExtensibilityGlobals) = postSolution
		SolutionGuid = {3959D4C2-3361-4CBA-8BB0-020D59BB5F29}
	EndGlobalSection
EndGlobal
