
Microsoft Visual Studio Solution File, Format Version 12.00
# Visual Studio Version 17
VisualStudioVersion = 17.5.002.0
MinimumVisualStudioVersion = 10.0.40219.1
Project("{9A19103F-16F7-4668-BE54-9A1E7A4F7556}") = "taller_gestion_inventarios", "taller_gestion_inventarios.csproj", "{D2DBED96-84A5-4DF6-80AE-8AE8AB4C7068}"
EndProject
Global
	GlobalSection(SolutionConfigurationPlatforms) = preSolution
		Debug|Any CPU = Debug|Any CPU
		Release|Any CPU = Release|Any CPU
	EndGlobalSection
	GlobalSection(ProjectConfigurationPlatforms) = postSolution
		{D2DBED96-84A5-4DF6-80AE-8AE8AB4C7068}.Debug|Any CPU.ActiveCfg = Debug|Any CPU
		{D2DBED96-84A5-4DF6-80AE-8AE8AB4C7068}.Debug|Any CPU.Build.0 = Debug|Any CPU
		{D2DBED96-84A5-4DF6-80AE-8AE8AB4C7068}.Release|Any CPU.ActiveCfg = Release|Any CPU
		{D2DBED96-84A5-4DF6-80AE-8AE8AB4C7068}.Release|Any CPU.Build.0 = Release|Any CPU
	EndGlobalSection
	GlobalSection(SolutionProperties) = preSolution
		HideSolutionNode = FALSE
	EndGlobalSection
	GlobalSection(ExtensibilityGlobals) = postSolution
		SolutionGuid = {49E5475E-B453-472C-9EB0-B12BBB9BF403}
	EndGlobalSection
EndGlobal
