
Microsoft Visual Studio Solution File, Format Version 12.00
# Visual Studio Version 17
VisualStudioVersion = 17.5.002.0
MinimumVisualStudioVersion = 10.0.40219.1
Project("{9A19103F-16F7-4668-BE54-9A1E7A4F7556}") = "03_ejercicios", "03_ejercicios.csproj", "{1F22B8E1-43FC-4651-BDD1-C1D4DE0D2B81}"
EndProject
Global
	GlobalSection(SolutionConfigurationPlatforms) = preSolution
		Debug|Any CPU = Debug|Any CPU
		Release|Any CPU = Release|Any CPU
	EndGlobalSection
	GlobalSection(ProjectConfigurationPlatforms) = postSolution
		{1F22B8E1-43FC-4651-BDD1-C1D4DE0D2B81}.Debug|Any CPU.ActiveCfg = Debug|Any CPU
		{1F22B8E1-43FC-4651-BDD1-C1D4DE0D2B81}.Debug|Any CPU.Build.0 = Debug|Any CPU
		{1F22B8E1-43FC-4651-BDD1-C1D4DE0D2B81}.Release|Any CPU.ActiveCfg = Release|Any CPU
		{1F22B8E1-43FC-4651-BDD1-C1D4DE0D2B81}.Release|Any CPU.Build.0 = Release|Any CPU
	EndGlobalSection
	GlobalSection(SolutionProperties) = preSolution
		HideSolutionNode = FALSE
	EndGlobalSection
	GlobalSection(ExtensibilityGlobals) = postSolution
		SolutionGuid = {77BE0EDE-607D-44C2-981C-FFA10173EF50}
	EndGlobalSection
EndGlobal
