
Microsoft Visual Studio Solution File, Format Version 12.00
# Visual Studio Version 17
VisualStudioVersion = 17.5.002.0
MinimumVisualStudioVersion = 10.0.40219.1
Project("{9A19103F-16F7-4668-BE54-9A1E7A4F7556}") = "taller_practico", "taller_practico.csproj", "{A5882CE0-71B1-4D35-8BF1-99B84A8C7348}"
EndProject
Global
	GlobalSection(SolutionConfigurationPlatforms) = preSolution
		Debug|Any CPU = Debug|Any CPU
		Release|Any CPU = Release|Any CPU
	EndGlobalSection
	GlobalSection(ProjectConfigurationPlatforms) = postSolution
		{A5882CE0-71B1-4D35-8BF1-99B84A8C7348}.Debug|Any CPU.ActiveCfg = Debug|Any CPU
		{A5882CE0-71B1-4D35-8BF1-99B84A8C7348}.Debug|Any CPU.Build.0 = Debug|Any CPU
		{A5882CE0-71B1-4D35-8BF1-99B84A8C7348}.Release|Any CPU.ActiveCfg = Release|Any CPU
		{A5882CE0-71B1-4D35-8BF1-99B84A8C7348}.Release|Any CPU.Build.0 = Release|Any CPU
	EndGlobalSection
	GlobalSection(SolutionProperties) = preSolution
		HideSolutionNode = FALSE
	EndGlobalSection
	GlobalSection(ExtensibilityGlobals) = postSolution
		SolutionGuid = {868165B3-4E8A-4206-96D0-CFB3A4A06A56}
	EndGlobalSection
EndGlobal
