
Microsoft Visual Studio Solution File, Format Version 12.00
# Visual Studio Version 17
VisualStudioVersion = 17.5.002.0
MinimumVisualStudioVersion = 10.0.40219.1
Project("{9A19103F-16F7-4668-BE54-9A1E7A4F7556}") = "POO", "POO.csproj", "{3A472BF8-1FC8-4BAB-A205-7052AD26C173}"
EndProject
Global
	GlobalSection(SolutionConfigurationPlatforms) = preSolution
		Debug|Any CPU = Debug|Any CPU
		Release|Any CPU = Release|Any CPU
	EndGlobalSection
	GlobalSection(ProjectConfigurationPlatforms) = postSolution
		{3A472BF8-1FC8-4BAB-A205-7052AD26C173}.Debug|Any CPU.ActiveCfg = Debug|Any CPU
		{3A472BF8-1FC8-4BAB-A205-7052AD26C173}.Debug|Any CPU.Build.0 = Debug|Any CPU
		{3A472BF8-1FC8-4BAB-A205-7052AD26C173}.Release|Any CPU.ActiveCfg = Release|Any CPU
		{3A472BF8-1FC8-4BAB-A205-7052AD26C173}.Release|Any CPU.Build.0 = Release|Any CPU
	EndGlobalSection
	GlobalSection(SolutionProperties) = preSolution
		HideSolutionNode = FALSE
	EndGlobalSection
	GlobalSection(ExtensibilityGlobals) = postSolution
		SolutionGuid = {36DF0E3D-389E-4F55-A248-C64CF67CA4D6}
	EndGlobalSection
EndGlobal
