
Microsoft Visual Studio Solution File, Format Version 12.00
# Visual Studio Version 17
VisualStudioVersion = 17.5.002.0
MinimumVisualStudioVersion = 10.0.40219.1
Project("{9A19103F-16F7-4668-BE54-9A1E7A4F7556}") = "03_ciclos", "03_ciclos.csproj", "{7041F9D0-D952-42E6-B46D-6F9669F58554}"
EndProject
Global
	GlobalSection(SolutionConfigurationPlatforms) = preSolution
		Debug|Any CPU = Debug|Any CPU
		Release|Any CPU = Release|Any CPU
	EndGlobalSection
	GlobalSection(ProjectConfigurationPlatforms) = postSolution
		{7041F9D0-D952-42E6-B46D-6F9669F58554}.Debug|Any CPU.ActiveCfg = Debug|Any CPU
		{7041F9D0-D952-42E6-B46D-6F9669F58554}.Debug|Any CPU.Build.0 = Debug|Any CPU
		{7041F9D0-D952-42E6-B46D-6F9669F58554}.Release|Any CPU.ActiveCfg = Release|Any CPU
		{7041F9D0-D952-42E6-B46D-6F9669F58554}.Release|Any CPU.Build.0 = Release|Any CPU
	EndGlobalSection
	GlobalSection(SolutionProperties) = preSolution
		HideSolutionNode = FALSE
	EndGlobalSection
	GlobalSection(ExtensibilityGlobals) = postSolution
		SolutionGuid = {DB143F17-FA3A-4709-ACAF-39D8D681BCA2}
	EndGlobalSection
EndGlobal
