
Microsoft Visual Studio Solution File, Format Version 12.00
# Visual Studio Version 17
VisualStudioVersion = 17.5.002.0
MinimumVisualStudioVersion = 10.0.40219.1
Project("{9A19103F-16F7-4668-BE54-9A1E7A4F7556}") = "POO_polimorfismo", "POO_polimorfismo.csproj", "{823F3414-345A-4C66-B37D-1501D7DF97EE}"
EndProject
Global
	GlobalSection(SolutionConfigurationPlatforms) = preSolution
		Debug|Any CPU = Debug|Any CPU
		Release|Any CPU = Release|Any CPU
	EndGlobalSection
	GlobalSection(ProjectConfigurationPlatforms) = postSolution
		{823F3414-345A-4C66-B37D-1501D7DF97EE}.Debug|Any CPU.ActiveCfg = Debug|Any CPU
		{823F3414-345A-4C66-B37D-1501D7DF97EE}.Debug|Any CPU.Build.0 = Debug|Any CPU
		{823F3414-345A-4C66-B37D-1501D7DF97EE}.Release|Any CPU.ActiveCfg = Release|Any CPU
		{823F3414-345A-4C66-B37D-1501D7DF97EE}.Release|Any CPU.Build.0 = Release|Any CPU
	EndGlobalSection
	GlobalSection(SolutionProperties) = preSolution
		HideSolutionNode = FALSE
	EndGlobalSection
	GlobalSection(ExtensibilityGlobals) = postSolution
		SolutionGuid = {EBEC41F3-7CE7-4C70-BDF0-C975203B5719}
	EndGlobalSection
EndGlobal
